
Microsoft Visual Studio Solution File, Format Version 12.00
# Visual Studio Version 16
VisualStudioVersion = 16.0.29519.87
MinimumVisualStudioVersion = 10.0.40219.1
Project("{2150E333-8FDC-42A3-9474-1A3956D46DE8}") = "misc", "misc", "{EBDCAE84-9B35-4E67-8330-5106CD27B287}"
	ProjectSection(SolutionItems) = preProject
		misc\changelog.txt = misc\changelog.txt
		misc\todo.txt = misc\todo.txt
	EndProjectSection
EndProject
Project("{2150E333-8FDC-42A3-9474-1A3956D46DE8}") = "nuget", "nuget", "{FA215112-5C80-44DD-AAD6-8EA65B40E54D}"
	ProjectSection(SolutionItems) = preProject
		nuget\TauCode.WebApi.Host.NHibernate.nuspec = nuget\TauCode.WebApi.Host.NHibernate.nuspec
	EndProjectSection
EndProject
Project("{2150E333-8FDC-42A3-9474-1A3956D46DE8}") = "src", "src", "{F37A2005-84ED-4168-95C9-9AACD349C66B}"
EndProject
Project("{2150E333-8FDC-42A3-9474-1A3956D46DE8}") = "tests", "tests", "{51D1661F-082E-438C-B047-ED4EC186A0EC}"
EndProject
Project("{9A19103F-16F7-4668-BE54-9A1E7A4F7556}") = "TauCode.WebApi.Host.NHibernate", "src\TauCode.WebApi.Host.NHibernate\TauCode.WebApi.Host.NHibernate.csproj", "{99AAE798-3D28-45BF-B5EF-7779265942AF}"
EndProject
Project("{9A19103F-16F7-4668-BE54-9A1E7A4F7556}") = "TauCode.WebApi.Host.NHibernate.Tests", "tests\TauCode.WebApi.Host.NHibernate.Tests\TauCode.WebApi.Host.NHibernate.Tests.csproj", "{6FD0657A-424A-4720-8BD1-1F8501E99844}"
EndProject
Project("{2150E333-8FDC-42A3-9474-1A3956D46DE8}") = "build", "build", "{7AC58E3B-38D6-434D-A581-46163B7DC23F}"
	ProjectSection(SolutionItems) = preProject
		build\azure-pipelines-dev.yml = build\azure-pipelines-dev.yml
		build\azure-pipelines.yml = build\azure-pipelines.yml
	EndProjectSection
EndProject
Global
	GlobalSection(SolutionConfigurationPlatforms) = preSolution
		Debug|Any CPU = Debug|Any CPU
		Release|Any CPU = Release|Any CPU
	EndGlobalSection
	GlobalSection(ProjectConfigurationPlatforms) = postSolution
		{99AAE798-3D28-45BF-B5EF-7779265942AF}.Debug|Any CPU.ActiveCfg = Debug|Any CPU
		{99AAE798-3D28-45BF-B5EF-7779265942AF}.Debug|Any CPU.Build.0 = Debug|Any CPU
		{99AAE798-3D28-45BF-B5EF-7779265942AF}.Release|Any CPU.ActiveCfg = Release|Any CPU
		{99AAE798-3D28-45BF-B5EF-7779265942AF}.Release|Any CPU.Build.0 = Release|Any CPU
		{6FD0657A-424A-4720-8BD1-1F8501E99844}.Debug|Any CPU.ActiveCfg = Debug|Any CPU
		{6FD0657A-424A-4720-8BD1-1F8501E99844}.Debug|Any CPU.Build.0 = Debug|Any CPU
		{6FD0657A-424A-4720-8BD1-1F8501E99844}.Release|Any CPU.ActiveCfg = Release|Any CPU
		{6FD0657A-424A-4720-8BD1-1F8501E99844}.Release|Any CPU.Build.0 = Release|Any CPU
	EndGlobalSection
	GlobalSection(SolutionProperties) = preSolution
		HideSolutionNode = FALSE
	EndGlobalSection
	GlobalSection(NestedProjects) = preSolution
		{99AAE798-3D28-45BF-B5EF-7779265942AF} = {F37A2005-84ED-4168-95C9-9AACD349C66B}
		{6FD0657A-424A-4720-8BD1-1F8501E99844} = {51D1661F-082E-438C-B047-ED4EC186A0EC}
	EndGlobalSection
	GlobalSection(ExtensibilityGlobals) = postSolution
		SolutionGuid = {4B9FB4D6-CDAE-453B-9DBC-9269167CBB77}
	EndGlobalSection
EndGlobal
